// !$*UTF8*$!
{
	archiveVersion = 1;
	classes = {
	};
	objectVersion = 56;
	objects = {

/* Begin PBXBuildFile section */
		641AC7702AA8DC600003C779 /* AppDelegate.swift in Sources */ = {isa = PBXBuildFile; fileRef = 641AC76F2AA8DC600003C779 /* AppDelegate.swift */; };
		641AC7722AA8DC600003C779 /* SceneDelegate.swift in Sources */ = {isa = PBXBuildFile; fileRef = 641AC7712AA8DC600003C779 /* SceneDelegate.swift */; };
		641AC7742AA8DC600003C779 /* ViewController.swift in Sources */ = {isa = PBXBuildFile; fileRef = 641AC7732AA8DC600003C779 /* ViewController.swift */; };
		641AC7772AA8DC600003C779 /* Main.storyboard in Resources */ = {isa = PBXBuildFile; fileRef = 641AC7752AA8DC600003C779 /* Main.storyboard */; };
		641AC7792AA8DC620003C779 /* Assets.xcassets in Resources */ = {isa = PBXBuildFile; fileRef = 641AC7782AA8DC620003C779 /* Assets.xcassets */; };
		641AC77C2AA8DC620003C779 /* LaunchScreen.storyboard in Resources */ = {isa = PBXBuildFile; fileRef = 641AC77A2AA8DC620003C779 /* LaunchScreen.storyboard */; };
		641AC7872AA8DC620003C779 /* Soldier_SoundTests.swift in Sources */ = {isa = PBXBuildFile; fileRef = 641AC7862AA8DC620003C779 /* Soldier_SoundTests.swift */; };
		641AC7912AA8DC630003C779 /* Soldier_SoundUITests.swift in Sources */ = {isa = PBXBuildFile; fileRef = 641AC7902AA8DC630003C779 /* Soldier_SoundUITests.swift */; };
		641AC7932AA8DC630003C779 /* Soldier_SoundUITestsLaunchTests.swift in Sources */ = {isa = PBXBuildFile; fileRef = 641AC7922AA8DC630003C779 /* Soldier_SoundUITestsLaunchTests.swift */; };
		641AC7A52AA8E7160003C779 /* weapon.mp3 in Resources */ = {isa = PBXBuildFile; fileRef = 641AC7A02AA8E7160003C779 /* weapon.mp3 */; };
		641AC7A62AA8E7160003C779 /* gun.mp3 in Resources */ = {isa = PBXBuildFile; fileRef = 641AC7A12AA8E7160003C779 /* gun.mp3 */; };
		641AC7A72AA8E7160003C779 /* protein.mp3 in Resources */ = {isa = PBXBuildFile; fileRef = 641AC7A22AA8E7160003C779 /* protein.mp3 */; };
		641AC7A82AA8E7160003C779 /* bullets.mp3 in Resources */ = {isa = PBXBuildFile; fileRef = 641AC7A32AA8E7160003C779 /* bullets.mp3 */; };
		641AC7A92AA8E7160003C779 /* hasta.mp3 in Resources */ = {isa = PBXBuildFile; fileRef = 641AC7A42AA8E7160003C779 /* hasta.mp3 */; };
		641AC7AB2AA8E8E40003C779 /* gym.mp3 in Resources */ = {isa = PBXBuildFile; fileRef = 641AC7AA2AA8E8E40003C779 /* gym.mp3 */; };
		642477882AAA7CCA00758392 /* videoplayback.mp4 in Resources */ = {isa = PBXBuildFile; fileRef = 642477872AAA7CCA00758392 /* videoplayback.mp4 */; };
		6424778A2AAAC12800758392 /* horse.mp3 in Resources */ = {isa = PBXBuildFile; fileRef = 642477892AAAC12800758392 /* horse.mp3 */; };
/* End PBXBuildFile section */

/* Begin PBXContainerItemProxy section */
		641AC7832AA8DC620003C779 /* PBXContainerItemProxy */ = {
			isa = PBXContainerItemProxy;
			containerPortal = 641AC7642AA8DC5F0003C779 /* Project object */;
			proxyType = 1;
			remoteGlobalIDString = 641AC76B2AA8DC600003C779;
			remoteInfo = "Soldier Sound";
		};
		641AC78D2AA8DC620003C779 /* PBXContainerItemProxy */ = {
			isa = PBXContainerItemProxy;
			containerPortal = 641AC7642AA8DC5F0003C779 /* Project object */;
			proxyType = 1;
			remoteGlobalIDString = 641AC76B2AA8DC600003C779;
			remoteInfo = "Soldier Sound";
		};
/* End PBXContainerItemProxy section */

/* Begin PBXFileReference section */
		641AC76C2AA8DC600003C779 /* Soldier Sound.app */ = {isa = PBXFileReference; explicitFileType = wrapper.application; includeInIndex = 0; path = "Soldier Sound.app"; sourceTree = BUILT_PRODUCTS_DIR; };
		641AC76F2AA8DC600003C779 /* AppDelegate.swift */ = {isa = PBXFileReference; lastKnownFileType = sourcecode.swift; path = AppDelegate.swift; sourceTree = "<group>"; };
		641AC7712AA8DC600003C779 /* SceneDelegate.swift */ = {isa = PBXFileReference; lastKnownFileType = sourcecode.swift; path = SceneDelegate.swift; sourceTree = "<group>"; };
		641AC7732AA8DC600003C779 /* ViewController.swift */ = {isa = PBXFileReference; lastKnownFileType = sourcecode.swift; path = ViewController.swift; sourceTree = "<group>"; };
		641AC7762AA8DC600003C779 /* Base */ = {isa = PBXFileReference; lastKnownFileType = file.storyboard; name = Base; path = Base.lproj/Main.storyboard; sourceTree = "<group>"; };
		641AC7782AA8DC620003C779 /* Assets.xcassets */ = {isa = PBXFileReference; lastKnownFileType = folder.assetcatalog; path = Assets.xcassets; sourceTree = "<group>"; };
		641AC77B2AA8DC620003C779 /* Base */ = {isa = PBXFileReference; lastKnownFileType = file.storyboard; name = Base; path = Base.lproj/LaunchScreen.storyboard; sourceTree = "<group>"; };
		641AC77D2AA8DC620003C779 /* Info.plist */ = {isa = PBXFileReference; lastKnownFileType = text.plist.xml; path = Info.plist; sourceTree = "<group>"; };
		641AC7822AA8DC620003C779 /* Soldier SoundTests.xctest */ = {isa = PBXFileReference; explicitFileType = wrapper.cfbundle; includeInIndex = 0; path = "Soldier SoundTests.xctest"; sourceTree = BUILT_PRODUCTS_DIR; };
		641AC7862AA8DC620003C779 /* Soldier_SoundTests.swift */ = {isa = PBXFileReference; lastKnownFileType = sourcecode.swift; path = Soldier_SoundTests.swift; sourceTree = "<group>"; };
		641AC78C2AA8DC620003C779 /* Soldier SoundUITests.xctest */ = {isa = PBXFileReference; explicitFileType = wrapper.cfbundle; includeInIndex = 0; path = "Soldier SoundUITests.xctest"; sourceTree = BUILT_PRODUCTS_DIR; };
		641AC7902AA8DC630003C779 /* Soldier_SoundUITests.swift */ = {isa = PBXFileReference; lastKnownFileType = sourcecode.swift; path = Soldier_SoundUITests.swift; sourceTree = "<group>"; };
		641AC7922AA8DC630003C779 /* Soldier_SoundUITestsLaunchTests.swift */ = {isa = PBXFileReference; lastKnownFileType = sourcecode.swift; path = Soldier_SoundUITestsLaunchTests.swift; sourceTree = "<group>"; };
		641AC7A02AA8E7160003C779 /* weapon.mp3 */ = {isa = PBXFileReference; lastKnownFileType = audio.mp3; path = weapon.mp3; sourceTree = "<group>"; };
		641AC7A12AA8E7160003C779 /* gun.mp3 */ = {isa = PBXFileReference; lastKnownFileType = audio.mp3; path = gun.mp3; sourceTree = "<group>"; };
		641AC7A22AA8E7160003C779 /* protein.mp3 */ = {isa = PBXFileReference; lastKnownFileType = audio.mp3; path = protein.mp3; sourceTree = "<group>"; };
		641AC7A32AA8E7160003C779 /* bullets.mp3 */ = {isa = PBXFileReference; lastKnownFileType = audio.mp3; path = bullets.mp3; sourceTree = "<group>"; };
		641AC7A42AA8E7160003C779 /* hasta.mp3 */ = {isa = PBXFileReference; lastKnownFileType = audio.mp3; path = hasta.mp3; sourceTree = "<group>"; };
		641AC7AA2AA8E8E40003C779 /* gym.mp3 */ = {isa = PBXFileReference; lastKnownFileType = audio.mp3; path = gym.mp3; sourceTree = "<group>"; };
		642477872AAA7CCA00758392 /* videoplayback.mp4 */ = {isa = PBXFileReference; lastKnownFileType = file; path = videoplayback.mp4; sourceTree = "<group>"; };
		642477892AAAC12800758392 /* horse.mp3 */ = {isa = PBXFileReference; lastKnownFileType = audio.mp3; path = horse.mp3; sourceTree = "<group>"; };
/* End PBXFileReference section */

/* Begin PBXFrameworksBuildPhase section */
		641AC7692AA8DC600003C779 /* Frameworks */ = {
			isa = PBXFrameworksBuildPhase;
			buildActionMask = 2147483647;
			files = (
			);
			runOnlyForDeploymentPostprocessing = 0;
		};
		641AC77F2AA8DC620003C779 /* Frameworks */ = {
			isa = PBXFrameworksBuildPhase;
			buildActionMask = 2147483647;
			files = (
			);
			runOnlyForDeploymentPostprocessing = 0;
		};
		641AC7892AA8DC620003C779 /* Frameworks */ = {
			isa = PBXFrameworksBuildPhase;
			buildActionMask = 2147483647;
			files = (
			);
			runOnlyForDeploymentPostprocessing = 0;
		};
/* End PBXFrameworksBuildPhase section */

/* Begin PBXGroup section */
		641AC7632AA8DC5F0003C779 = {
			isa = PBXGroup;
			children = (
				641AC76E2AA8DC600003C779 /* Soldier Sound */,
				641AC7852AA8DC620003C779 /* Soldier SoundTests */,
				641AC78F2AA8DC620003C779 /* Soldier SoundUITests */,
				641AC76D2AA8DC600003C779 /* Products */,
			);
			sourceTree = "<group>";
		};
		641AC76D2AA8DC600003C779 /* Products */ = {
			isa = PBXGroup;
			children = (
				641AC76C2AA8DC600003C779 /* Soldier Sound.app */,
				641AC7822AA8DC620003C779 /* Soldier SoundTests.xctest */,
				641AC78C2AA8DC620003C779 /* Soldier SoundUITests.xctest */,
			);
			name = Products;
			sourceTree = "<group>";
		};
		641AC76E2AA8DC600003C779 /* Soldier Sound */ = {
			isa = PBXGroup;
			children = (
				641AC79F2AA8E7160003C779 /* Soldier sounds */,
				641AC76F2AA8DC600003C779 /* AppDelegate.swift */,
				641AC7712AA8DC600003C779 /* SceneDelegate.swift */,
				641AC7732AA8DC600003C779 /* ViewController.swift */,
				642477872AAA7CCA00758392 /* videoplayback.mp4 */,
				641AC7752AA8DC600003C779 /* Main.storyboard */,
				641AC7782AA8DC620003C779 /* Assets.xcassets */,
				641AC77A2AA8DC620003C779 /* LaunchScreen.storyboard */,
				641AC77D2AA8DC620003C779 /* Info.plist */,
			);
			path = "Soldier Sound";
			sourceTree = "<group>";
		};
		641AC7852AA8DC620003C779 /* Soldier SoundTests */ = {
			isa = PBXGroup;
			children = (
				641AC7862AA8DC620003C779 /* Soldier_SoundTests.swift */,
			);
			path = "Soldier SoundTests";
			sourceTree = "<group>";
		};
		641AC78F2AA8DC620003C779 /* Soldier SoundUITests */ = {
			isa = PBXGroup;
			children = (
				641AC7902AA8DC630003C779 /* Soldier_SoundUITests.swift */,
				641AC7922AA8DC630003C779 /* Soldier_SoundUITestsLaunchTests.swift */,
			);
			path = "Soldier SoundUITests";
			sourceTree = "<group>";
		};
		641AC79F2AA8E7160003C779 /* Soldier sounds */ = {
			isa = PBXGroup;
			children = (
				642477892AAAC12800758392 /* horse.mp3 */,
				641AC7AA2AA8E8E40003C779 /* gym.mp3 */,
				641AC7A02AA8E7160003C779 /* weapon.mp3 */,
				641AC7A12AA8E7160003C779 /* gun.mp3 */,
				641AC7A22AA8E7160003C779 /* protein.mp3 */,
				641AC7A32AA8E7160003C779 /* bullets.mp3 */,
				641AC7A42AA8E7160003C779 /* hasta.mp3 */,
			);
			path = "Soldier sounds";
			sourceTree = "<group>";
		};
/* End PBXGroup section */

/* Begin PBXNativeTarget section */
		641AC76B2AA8DC600003C779 /* Soldier Sound */ = {
			isa = PBXNativeTarget;
			buildConfigurationList = 641AC7962AA8DC630003C779 /* Build configuration list for PBXNativeTarget "Soldier Sound" */;
			buildPhases = (
				641AC7682AA8DC600003C779 /* Sources */,
				641AC7692AA8DC600003C779 /* Frameworks */,
				641AC76A2AA8DC600003C779 /* Resources */,
			);
			buildRules = (
			);
			dependencies = (
			);
			name = "Soldier Sound";
			productName = "Soldier Sound";
			productReference = 641AC76C2AA8DC600003C779 /* Soldier Sound.app */;
			productType = "com.apple.product-type.application";
		};
		641AC7812AA8DC620003C779 /* Soldier SoundTests */ = {
			isa = PBXNativeTarget;
			buildConfigurationList = 641AC7992AA8DC630003C779 /* Build configuration list for PBXNativeTarget "Soldier SoundTests" */;
			buildPhases = (
				641AC77E2AA8DC620003C779 /* Sources */,
				641AC77F2AA8DC620003C779 /* Frameworks */,
				641AC7802AA8DC620003C779 /* Resources */,
			);
			buildRules = (
			);
			dependencies = (
				641AC7842AA8DC620003C779 /* PBXTargetDependency */,
			);
			name = "Soldier SoundTests";
			productName = "Soldier SoundTests";
			productReference = 641AC7822AA8DC620003C779 /* Soldier SoundTests.xctest */;
			productType = "com.apple.product-type.bundle.unit-test";
		};
		641AC78B2AA8DC620003C779 /* Soldier SoundUITests */ = {
			isa = PBXNativeTarget;
			buildConfigurationList = 641AC79C2AA8DC630003C779 /* Build configuration list for PBXNativeTarget "Soldier SoundUITests" */;
			buildPhases = (
				641AC7882AA8DC620003C779 /* Sources */,
				641AC7892AA8DC620003C779 /* Frameworks */,
				641AC78A2AA8DC620003C779 /* Resources */,
			);
			buildRules = (
			);
			dependencies = (
				641AC78E2AA8DC620003C779 /* PBXTargetDependency */,
			);
			name = "Soldier SoundUITests";
			productName = "Soldier SoundUITests";
			productReference = 641AC78C2AA8DC620003C779 /* Soldier SoundUITests.xctest */;
			productType = "com.apple.product-type.bundle.ui-testing";
		};
/* End PBXNativeTarget section */

/* Begin PBXProject section */
		641AC7642AA8DC5F0003C779 /* Project object */ = {
			isa = PBXProject;
			attributes = {
				BuildIndependentTargetsInParallel = 1;
				LastSwiftUpdateCheck = 1500;
				LastUpgradeCheck = 1500;
				TargetAttributes = {
					641AC76B2AA8DC600003C779 = {
						CreatedOnToolsVersion = 15.0;
					};
					641AC7812AA8DC620003C779 = {
						CreatedOnToolsVersion = 15.0;
						TestTargetID = 641AC76B2AA8DC600003C779;
					};
					641AC78B2AA8DC620003C779 = {
						CreatedOnToolsVersion = 15.0;
						TestTargetID = 641AC76B2AA8DC600003C779;
					};
				};
			};
			buildConfigurationList = 641AC7672AA8DC5F0003C779 /* Build configuration list for PBXProject "Soldier Sound" */;
			compatibilityVersion = "Xcode 14.0";
			developmentRegion = en;
			hasScannedForEncodings = 0;
			knownRegions = (
				en,
				Base,
			);
			mainGroup = 641AC7632AA8DC5F0003C779;
			productRefGroup = 641AC76D2AA8DC600003C779 /* Products */;
			projectDirPath = "";
			projectRoot = "";
			targets = (
				641AC76B2AA8DC600003C779 /* Soldier Sound */,
				641AC7812AA8DC620003C779 /* Soldier SoundTests */,
				641AC78B2AA8DC620003C779 /* Soldier SoundUITests */,
			);
		};
/* End PBXProject section */

/* Begin PBXResourcesBuildPhase section */
		641AC76A2AA8DC600003C779 /* Resources */ = {
			isa = PBXResourcesBuildPhase;
			buildActionMask = 2147483647;
			files = (
				6424778A2AAAC12800758392 /* horse.mp3 in Resources */,
				641AC7AB2AA8E8E40003C779 /* gym.mp3 in Resources */,
				641AC7A92AA8E7160003C779 /* hasta.mp3 in Resources */,
				641AC7A62AA8E7160003C779 /* gun.mp3 in Resources */,
				641AC77C2AA8DC620003C779 /* LaunchScreen.storyboard in Resources */,
				641AC7A72AA8E7160003C779 /* protein.mp3 in Resources */,
				641AC7A82AA8E7160003C779 /* bullets.mp3 in Resources */,
				642477882AAA7CCA00758392 /* videoplayback.mp4 in Resources */,
				641AC7792AA8DC620003C779 /* Assets.xcassets in Resources */,
				641AC7A52AA8E7160003C779 /* weapon.mp3 in Resources */,
				641AC7772AA8DC600003C779 /* Main.storyboard in Resources */,
			);
			runOnlyForDeploymentPostprocessing = 0;
		};
		641AC7802AA8DC620003C779 /* Resources */ = {
			isa = PBXResourcesBuildPhase;
			buildActionMask = 2147483647;
			files = (
			);
			runOnlyForDeploymentPostprocessing = 0;
		};
		641AC78A2AA8DC620003C779 /* Resources */ = {
			isa = PBXResourcesBuildPhase;
			buildActionMask = 2147483647;
			files = (
			);
			runOnlyForDeploymentPostprocessing = 0;
		};
/* End PBXResourcesBuildPhase section */

/* Begin PBXSourcesBuildPhase section */
		641AC7682AA8DC600003C779 /* Sources */ = {
			isa = PBXSourcesBuildPhase;
			buildActionMask = 2147483647;
			files = (
				641AC7742AA8DC600003C779 /* ViewController.swift in Sources */,
				641AC7702AA8DC600003C779 /* AppDelegate.swift in Sources */,
				641AC7722AA8DC600003C779 /* SceneDelegate.swift in Sources */,
			);
			runOnlyForDeploymentPostprocessing = 0;
		};
		641AC77E2AA8DC620003C779 /* Sources */ = {
			isa = PBXSourcesBuildPhase;
			buildActionMask = 2147483647;
			files = (
				641AC7872AA8DC620003C779 /* Soldier_SoundTests.swift in Sources */,
			);
			runOnlyForDeploymentPostprocessing = 0;
		};
		641AC7882AA8DC620003C779 /* Sources */ = {
			isa = PBXSourcesBuildPhase;
			buildActionMask = 2147483647;
			files = (
				641AC7912AA8DC630003C779 /* Soldier_SoundUITests.swift in Sources */,
				641AC7932AA8DC630003C779 /* Soldier_SoundUITestsLaunchTests.swift in Sources */,
			);
			runOnlyForDeploymentPostprocessing = 0;
		};
/* End PBXSourcesBuildPhase section */

/* Begin PBXTargetDependency section */
		641AC7842AA8DC620003C779 /* PBXTargetDependency */ = {
			isa = PBXTargetDependency;
			target = 641AC76B2AA8DC600003C779 /* Soldier Sound */;
			targetProxy = 641AC7832AA8DC620003C779 /* PBXContainerItemProxy */;
		};
		641AC78E2AA8DC620003C779 /* PBXTargetDependency */ = {
			isa = PBXTargetDependency;
			target = 641AC76B2AA8DC600003C779 /* Soldier Sound */;
			targetProxy = 641AC78D2AA8DC620003C779 /* PBXContainerItemProxy */;
		};
/* End PBXTargetDependency section */

/* Begin PBXVariantGroup section */
		641AC7752AA8DC600003C779 /* Main.storyboard */ = {
			isa = PBXVariantGroup;
			children = (
				641AC7762AA8DC600003C779 /* Base */,
			);
			name = Main.storyboard;
			sourceTree = "<group>";
		};
		641AC77A2AA8DC620003C779 /* LaunchScreen.storyboard */ = {
			isa = PBXVariantGroup;
			children = (
				641AC77B2AA8DC620003C779 /* Base */,
			);
			name = LaunchScreen.storyboard;
			sourceTree = "<group>";
		};
/* End PBXVariantGroup section */

/* Begin XCBuildConfiguration section */
		641AC7942AA8DC630003C779 /* Debug */ = {
			isa = XCBuildConfiguration;
			buildSettings = {
				ALWAYS_SEARCH_USER_PATHS = NO;
				ASSETCATALOG_COMPILER_GENERATE_SWIFT_ASSET_SYMBOL_EXTENSIONS = YES;
				CLANG_ANALYZER_NONNULL = YES;
				CLANG_ANALYZER_NUMBER_OBJECT_CONVERSION = YES_AGGRESSIVE;
				CLANG_CXX_LANGUAGE_STANDARD = "gnu++20";
				CLANG_ENABLE_MODULES = YES;
				CLANG_ENABLE_OBJC_ARC = YES;
				CLANG_ENABLE_OBJC_WEAK = YES;
				CLANG_WARN_BLOCK_CAPTURE_AUTORELEASING = YES;
				CLANG_WARN_BOOL_CONVERSION = YES;
				CLANG_WARN_COMMA = YES;
				CLANG_WARN_CONSTANT_CONVERSION = YES;
				CLANG_WARN_DEPRECATED_OBJC_IMPLEMENTATIONS = YES;
				CLANG_WARN_DIRECT_OBJC_ISA_USAGE = YES_ERROR;
				CLANG_WARN_DOCUMENTATION_COMMENTS = YES;
				CLANG_WARN_EMPTY_BODY = YES;
				CLANG_WARN_ENUM_CONVERSION = YES;
				CLANG_WARN_INFINITE_RECURSION = YES;
				CLANG_WARN_INT_CONVERSION = YES;
				CLANG_WARN_NON_LITERAL_NULL_CONVERSION = YES;
				CLANG_WARN_OBJC_IMPLICIT_RETAIN_SELF = YES;
				CLANG_WARN_OBJC_LITERAL_CONVERSION = YES;
				CLANG_WARN_OBJC_ROOT_CLASS = YES_ERROR;
				CLANG_WARN_QUOTED_INCLUDE_IN_FRAMEWORK_HEADER = YES;
				CLANG_WARN_RANGE_LOOP_ANALYSIS = YES;
				CLANG_WARN_STRICT_PROTOTYPES = YES;
				CLANG_WARN_SUSPICIOUS_MOVE = YES;
				CLANG_WARN_UNGUARDED_AVAILABILITY = YES_AGGRESSIVE;
				CLANG_WARN_UNREACHABLE_CODE = YES;
				CLANG_WARN__DUPLICATE_METHOD_MATCH = YES;
				COPY_PHASE_STRIP = NO;
				DEBUG_INFORMATION_FORMAT = dwarf;
				ENABLE_STRICT_OBJC_MSGSEND = YES;
				ENABLE_TESTABILITY = YES;
				ENABLE_USER_SCRIPT_SANDBOXING = YES;
				GCC_C_LANGUAGE_STANDARD = gnu17;
				GCC_DYNAMIC_NO_PIC = NO;
				GCC_NO_COMMON_BLOCKS = YES;
				GCC_OPTIMIZATION_LEVEL = 0;
				GCC_PREPROCESSOR_DEFINITIONS = (
					"DEBUG=1",
					"$(inherited)",
				);
				GCC_WARN_64_TO_32_BIT_CONVERSION = YES;
				GCC_WARN_ABOUT_RETURN_TYPE = YES_ERROR;
				GCC_WARN_UNDECLARED_SELECTOR = YES;
				GCC_WARN_UNINITIALIZED_AUTOS = YES_AGGRESSIVE;
				GCC_WARN_UNUSED_FUNCTION = YES;
				GCC_WARN_UNUSED_VARIABLE = YES;
				IPHONEOS_DEPLOYMENT_TARGET = 17.0;
				LOCALIZATION_PREFERS_STRING_CATALOGS = YES;
				MTL_ENABLE_DEBUG_INFO = INCLUDE_SOURCE;
				MTL_FAST_MATH = YES;
				ONLY_ACTIVE_ARCH = YES;
				SDKROOT = iphoneos;
				SWIFT_ACTIVE_COMPILATION_CONDITIONS = "DEBUG $(inherited)";
				SWIFT_OPTIMIZATION_LEVEL = "-Onone";
			};
			name = Debug;
		};
		641AC7952AA8DC630003C779 /* Release */ = {
			isa = XCBuildConfiguration;
			buildSettings = {
				ALWAYS_SEARCH_USER_PATHS = NO;
				ASSETCATALOG_COMPILER_GENERATE_SWIFT_ASSET_SYMBOL_EXTENSIONS = YES;
				CLANG_ANALYZER_NONNULL = YES;
				CLANG_ANALYZER_NUMBER_OBJECT_CONVERSION = YES_AGGRESSIVE;
				CLANG_CXX_LANGUAGE_STANDARD = "gnu++20";
				CLANG_ENABLE_MODULES = YES;
				CLANG_ENABLE_OBJC_ARC = YES;
				CLANG_ENABLE_OBJC_WEAK = YES;
				CLANG_WARN_BLOCK_CAPTURE_AUTORELEASING = YES;
				CLANG_WARN_BOOL_CONVERSION = YES;
				CLANG_WARN_COMMA = YES;
				CLANG_WARN_CONSTANT_CONVERSION = YES;
				CLANG_WARN_DEPRECATED_OBJC_IMPLEMENTATIONS = YES;
				CLANG_WARN_DIRECT_OBJC_ISA_USAGE = YES_ERROR;
				CLANG_WARN_DOCUMENTATION_COMMENTS = YES;
				CLANG_WARN_EMPTY_BODY = YES;
				CLANG_WARN_ENUM_CONVERSION = YES;
				CLANG_WARN_INFINITE_RECURSION = YES;
				CLANG_WARN_INT_CONVERSION = YES;
				CLANG_WARN_NON_LITERAL_NULL_CONVERSION = YES;
				CLANG_WARN_OBJC_IMPLICIT_RETAIN_SELF = YES;
				CLANG_WARN_OBJC_LITERAL_CONVERSION = YES;
				CLANG_WARN_OBJC_ROOT_CLASS = YES_ERROR;
				CLANG_WARN_QUOTED_INCLUDE_IN_FRAMEWORK_HEADER = YES;
				CLANG_WARN_RANGE_LOOP_ANALYSIS = YES;
				CLANG_WARN_STRICT_PROTOTYPES = YES;
				CLANG_WARN_SUSPICIOUS_MOVE = YES;
				CLANG_WARN_UNGUARDED_AVAILABILITY = YES_AGGRESSIVE;
				CLANG_WARN_UNREACHABLE_CODE = YES;
				CLANG_WARN__DUPLICATE_METHOD_MATCH = YES;
				COPY_PHASE_STRIP = NO;
				DEBUG_INFORMATION_FORMAT = "dwarf-with-dsym";
				ENABLE_NS_ASSERTIONS = NO;
				ENABLE_STRICT_OBJC_MSGSEND = YES;
				ENABLE_USER_SCRIPT_SANDBOXING = YES;
				GCC_C_LANGUAGE_STANDARD = gnu17;
				GCC_NO_COMMON_BLOCKS = YES;
				GCC_WARN_64_TO_32_BIT_CONVERSION = YES;
				GCC_WARN_ABOUT_RETURN_TYPE = YES_ERROR;
				GCC_WARN_UNDECLARED_SELECTOR = YES;
				GCC_WARN_UNINITIALIZED_AUTOS = YES_AGGRESSIVE;
				GCC_WARN_UNUSED_FUNCTION = YES;
				GCC_WARN_UNUSED_VARIABLE = YES;
				IPHONEOS_DEPLOYMENT_TARGET = 17.0;
				LOCALIZATION_PREFERS_STRING_CATALOGS = YES;
				MTL_ENABLE_DEBUG_INFO = NO;
				MTL_FAST_MATH = YES;
				SDKROOT = iphoneos;
				SWIFT_COMPILATION_MODE = wholemodule;
				VALIDATE_PRODUCT = YES;
			};
			name = Release;
		};
		641AC7972AA8DC630003C779 /* Debug */ = {
			isa = XCBuildConfiguration;
			buildSettings = {
				ASSETCATALOG_COMPILER_APPICON_NAME = AppIcon;
				ASSETCATALOG_COMPILER_GLOBAL_ACCENT_COLOR_NAME = AccentColor;
				CODE_SIGN_STYLE = Automatic;
				CURRENT_PROJECT_VERSION = 1;
				DEVELOPMENT_TEAM = 65C7QD3FQZ;
				GENERATE_INFOPLIST_FILE = YES;
				INFOPLIST_FILE = "Soldier Sound/Info.plist";
				INFOPLIST_KEY_UIApplicationSupportsIndirectInputEvents = YES;
				INFOPLIST_KEY_UILaunchStoryboardName = LaunchScreen;
				INFOPLIST_KEY_UIMainStoryboardFile = Main;
				INFOPLIST_KEY_UISupportedInterfaceOrientations_iPad = "UIInterfaceOrientationPortrait UIInterfaceOrientationPortraitUpsideDown UIInterfaceOrientationLandscapeLeft UIInterfaceOrientationLandscapeRight";
				INFOPLIST_KEY_UISupportedInterfaceOrientations_iPhone = "UIInterfaceOrientationPortrait UIInterfaceOrientationLandscapeLeft UIInterfaceOrientationLandscapeRight";
				IPHONEOS_DEPLOYMENT_TARGET = 16.0;
				LD_RUNPATH_SEARCH_PATHS = (
					"$(inherited)",
					"@executable_path/Frameworks",
				);
				MARKETING_VERSION = 1.0;
				PRODUCT_BUNDLE_IDENTIFIER = "tylerwickherst.Soldier-Sound";
				PRODUCT_NAME = "$(TARGET_NAME)";
				SWIFT_EMIT_LOC_STRINGS = YES;
				SWIFT_VERSION = 5.0;
				TARGETED_DEVICE_FAMILY = "1,2";
			};
			name = Debug;
		};
		641AC7982AA8DC630003C779 /* Release */ = {
			isa = XCBuildConfiguration;
			buildSettings = {
				ASSETCATALOG_COMPILER_APPICON_NAME = AppIcon;
				ASSETCATALOG_COMPILER_GLOBAL_ACCENT_COLOR_NAME = AccentColor;
				CODE_SIGN_STYLE = Automatic;
				CURRENT_PROJECT_VERSION = 1;
				DEVELOPMENT_TEAM = 65C7QD3FQZ;
				GENERATE_INFOPLIST_FILE = YES;
				INFOPLIST_FILE = "Soldier Sound/Info.plist";
				INFOPLIST_KEY_UIApplicationSupportsIndirectInputEvents = YES;
				INFOPLIST_KEY_UILaunchStoryboardName = LaunchScreen;
				INFOPLIST_KEY_UIMainStoryboardFile = Main;
				INFOPLIST_KEY_UISupportedInterfaceOrientations_iPad = "UIInterfaceOrientationPortrait UIInterfaceOrientationPortraitUpsideDown UIInterfaceOrientationLandscapeLeft UIInterfaceOrientationLandscapeRight";
				INFOPLIST_KEY_UISupportedInterfaceOrientations_iPhone = "UIInterfaceOrientationPortrait UIInterfaceOrientationLandscapeLeft UIInterfaceOrientationLandscapeRight";
				IPHONEOS_DEPLOYMENT_TARGET = 16.0;
				LD_RUNPATH_SEARCH_PATHS = (
					"$(inherited)",
					"@executable_path/Frameworks",
				);
				MARKETING_VERSION = 1.0;
				PRODUCT_BUNDLE_IDENTIFIER = "tylerwickherst.Soldier-Sound";
				PRODUCT_NAME = "$(TARGET_NAME)";
				SWIFT_EMIT_LOC_STRINGS = YES;
				SWIFT_VERSION = 5.0;
				TARGETED_DEVICE_FAMILY = "1,2";
			};
			name = Release;
		};
		641AC79A2AA8DC630003C779 /* Debug */ = {
			isa = XCBuildConfiguration;
			buildSettings = {
				ALWAYS_EMBED_SWIFT_STANDARD_LIBRARIES = YES;
				BUNDLE_LOADER = "$(TEST_HOST)";
				CODE_SIGN_STYLE = Automatic;
				CURRENT_PROJECT_VERSION = 1;
				DEVELOPMENT_TEAM = 65C7QD3FQZ;
				GENERATE_INFOPLIST_FILE = YES;
				IPHONEOS_DEPLOYMENT_TARGET = 17.0;
				MARKETING_VERSION = 1.0;
				PRODUCT_BUNDLE_IDENTIFIER = "tylerwickherst.Soldier-SoundTests";
				PRODUCT_NAME = "$(TARGET_NAME)";
				SWIFT_EMIT_LOC_STRINGS = NO;
				SWIFT_VERSION = 5.0;
				TARGETED_DEVICE_FAMILY = "1,2";
				TEST_HOST = "$(BUILT_PRODUCTS_DIR)/Soldier Sound.app/$(BUNDLE_EXECUTABLE_FOLDER_PATH)/Soldier Sound";
			};
			name = Debug;
		};
		641AC79B2AA8DC630003C779 /* Release */ = {
			isa = XCBuildConfiguration;
			buildSettings = {
				ALWAYS_EMBED_SWIFT_STANDARD_LIBRARIES = YES;
				BUNDLE_LOADER = "$(TEST_HOST)";
				CODE_SIGN_STYLE = Automatic;
				CURRENT_PROJECT_VERSION = 1;
				DEVELOPMENT_TEAM = 65C7QD3FQZ;
				GENERATE_INFOPLIST_FILE = YES;
				IPHONEOS_DEPLOYMENT_TARGET = 17.0;
				MARKETING_VERSION = 1.0;
				PRODUCT_BUNDLE_IDENTIFIER = "tylerwickherst.Soldier-SoundTests";
				PRODUCT_NAME = "$(TARGET_NAME)";
				SWIFT_EMIT_LOC_STRINGS = NO;
				SWIFT_VERSION = 5.0;
				TARGETED_DEVICE_FAMILY = "1,2";
				TEST_HOST = "$(BUILT_PRODUCTS_DIR)/Soldier Sound.app/$(BUNDLE_EXECUTABLE_FOLDER_PATH)/Soldier Sound";
			};
			name = Release;
		};
		641AC79D2AA8DC630003C779 /* Debug */ = {
			isa = XCBuildConfiguration;
			buildSettings = {
				ALWAYS_EMBED_SWIFT_STANDARD_LIBRARIES = YES;
				"CODE_SIGN_IDENTITY[sdk=macosx*]" = "Apple Development";
				CODE_SIGN_STYLE = Automatic;
				CURRENT_PROJECT_VERSION = 1;
				DEVELOPMENT_TEAM = 65C7QD3FQZ;
				GENERATE_INFOPLIST_FILE = YES;
				MARKETING_VERSION = 1.0;
				PRODUCT_BUNDLE_IDENTIFIER = "tylerwickherst.Soldier-SoundUITests";
				PRODUCT_NAME = "$(TARGET_NAME)";
				SWIFT_EMIT_LOC_STRINGS = NO;
				SWIFT_VERSION = 5.0;
				TARGETED_DEVICE_FAMILY = "1,2";
				TEST_TARGET_NAME = "Soldier Sound";
			};
			name = Debug;
		};
		641AC79E2AA8DC630003C779 /* Release */ = {
			isa = XCBuildConfiguration;
			buildSettings = {
				ALWAYS_EMBED_SWIFT_STANDARD_LIBRARIES = YES;
				"CODE_SIGN_IDENTITY[sdk=macosx*]" = "Apple Development";
				CODE_SIGN_STYLE = Automatic;
				CURRENT_PROJECT_VERSION = 1;
				DEVELOPMENT_TEAM = 65C7QD3FQZ;
				GENERATE_INFOPLIST_FILE = YES;
				MARKETING_VERSION = 1.0;
				PRODUCT_BUNDLE_IDENTIFIER = "tylerwickherst.Soldier-SoundUITests";
				PRODUCT_NAME = "$(TARGET_NAME)";
				SWIFT_EMIT_LOC_STRINGS = NO;
				SWIFT_VERSION = 5.0;
				TARGETED_DEVICE_FAMILY = "1,2";
				TEST_TARGET_NAME = "Soldier Sound";
			};
			name = Release;
		};
/* End XCBuildConfiguration section */

/* Begin XCConfigurationList section */
		641AC7672AA8DC5F0003C779 /* Build configuration list for PBXProject "Soldier Sound" */ = {
			isa = XCConfigurationList;
			buildConfigurations = (
				641AC7942AA8DC630003C779 /* Debug */,
				641AC7952AA8DC630003C779 /* Release */,
			);
			defaultConfigurationIsVisible = 0;
			defaultConfigurationName = Release;
		};
		641AC7962AA8DC630003C779 /* Build configuration list for PBXNativeTarget "Soldier Sound" */ = {
			isa = XCConfigurationList;
			buildConfigurations = (
				641AC7972AA8DC630003C779 /* Debug */,
				641AC7982AA8DC630003C779 /* Release */,
			);
			defaultConfigurationIsVisible = 0;
			defaultConfigurationName = Release;
		};
		641AC7992AA8DC630003C779 /* Build configuration list for PBXNativeTarget "Soldier SoundTests" */ = {
			isa = XCConfigurationList;
			buildConfigurations = (
				641AC79A2AA8DC630003C779 /* Debug */,
				641AC79B2AA8DC630003C779 /* Release */,
			);
			defaultConfigurationIsVisible = 0;
			defaultConfigurationName = Release;
		};
		641AC79C2AA8DC630003C779 /* Build configuration list for PBXNativeTarget "Soldier SoundUITests" */ = {
			isa = XCConfigurationList;
			buildConfigurations = (
				641AC79D2AA8DC630003C779 /* Debug */,
				641AC79E2AA8DC630003C779 /* Release */,
			);
			defaultConfigurationIsVisible = 0;
			defaultConfigurationName = Release;
		};
/* End XCConfigurationList section */
	};
	rootObject = 641AC7642AA8DC5F0003C779 /* Project object */;
}
